{
  "version": 4,
  "terraform_version": "1.1.9",
  "serial": 393,
  "lineage": "984089a4-5e42-bc78-5465-34581627b421",
  "outputs": {
    "dns_lb": {
      "value": "internal-tf-lb-20220510121200571700000002-890486155.us-east-1.elb.amazonaws.com",
      "type": "string"
    },
    "ip_private_proxy": {
      "value": "10.10.4.8",
      "type": "string"
    },
    "ip_public_bastion": {
      "value": "44.204.102.111",
      "type": "string"
    }
  },
  "resources": [
    {
      "mode": "data",
      "type": "aws_ami",
      "name": "amazon-linux-2",
      "provider": "provider[\"registry.terraform.io/hashicorp/aws\"]",
      "instances": [
        {
          "schema_version": 0,
          "attributes": {
            "architecture": "x86_64",
            "arn": "arn:aws:ec2:us-east-1::image/ami-06eecef118bbf9259",
            "block_device_mappings": [
              {
                "device_name": "/dev/xvda",
                "ebs": {
                  "delete_on_termination": "true",
                  "encrypted": "false",
                  "iops": "0",
                  "snapshot_id": "snap-00da65dccf27cf3ae",
                  "throughput": "0",
                  "volume_size": "8",
                  "volume_type": "gp2"
                },
                "no_device": "",
                "virtual_name": ""
              }
            ],
            "boot_mode": "",
            "creation_date": "2022-04-28T21:39:50.000Z",
            "description": "Amazon Linux 2 AMI 2.0.20220426.0 x86_64 HVM gp2",
            "ena_support": true,
            "executable_users": null,
            "filter": [
              {
                "name": "name",
                "values": [
                  "amzn2-ami-hvm*"
                ]
              }
            ],
            "hypervisor": "xen",
            "id": "ami-06eecef118bbf9259",
            "image_id": "ami-06eecef118bbf9259",
            "image_location": "amazon/amzn2-ami-hvm-2.0.20220426.0-x86_64-gp2",
            "image_owner_alias": "amazon",
            "image_type": "machine",
            "kernel_id": null,
            "most_recent": true,
            "name": "amzn2-ami-hvm-2.0.20220426.0-x86_64-gp2",
            "name_regex": null,
            "owner_id": "137112412989",
            "owners": [
              "amazon"
            ],
            "platform": null,
            "platform_details": "Linux/UNIX",
            "product_codes": [],
            "public": true,
            "ramdisk_id": null,
            "root_device_name": "/dev/xvda",
            "root_device_type": "ebs",
            "root_snapshot_id": "snap-00da65dccf27cf3ae",
            "sriov_net_support": "simple",
            "state": "available",
            "state_reason": {
              "code": "UNSET",
              "message": "UNSET"
            },
            "tags": {},
            "usage_operation": "RunInstances",
            "virtualization_type": "hvm"
          },
          "sensitive_attributes": []
        }
      ]
    },
    {
      "mode": "managed",
      "type": "aws_eip",
      "name": "eip_fer",
      "provider": "provider[\"registry.terraform.io/hashicorp/aws\"]",
      "instances": [
        {
          "schema_version": 0,
          "attributes": {
            "address": null,
            "allocation_id": "eipalloc-0157be14f210629be",
            "associate_with_private_ip": null,
            "association_id": "",
            "carrier_ip": "",
            "customer_owned_ip": "",
            "customer_owned_ipv4_pool": "",
            "domain": "vpc",
            "id": "eipalloc-0157be14f210629be",
            "instance": "",
            "network_border_group": "us-east-1",
            "network_interface": "",
            "private_dns": null,
            "private_ip": "",
            "public_dns": "ec2-34-237-95-200.compute-1.amazonaws.com",
            "public_ip": "34.237.95.200",
            "public_ipv4_pool": "amazon",
            "tags": {
              "Name": "final_fer_eip_nat"
            },
            "tags_all": {
              "Name": "final_fer_eip_nat",
              "cost:env": "academy-aws",
              "cost:project": "ac-aws-pract",
              "env": "ac-aws"
            },
            "timeouts": null,
            "vpc": true
          },
          "sensitive_attributes": [],
          "private": "eyJlMmJmYjczMC1lY2FhLTExZTYtOGY4OC0zNDM2M2JjN2M0YzAiOnsiZGVsZXRlIjoxODAwMDAwMDAwMDAsInJlYWQiOjkwMDAwMDAwMDAwMCwidXBkYXRlIjozMDAwMDAwMDAwMDB9fQ=="
        }
      ]
    },
    {
      "mode": "managed",
      "type": "aws_eip",
      "name": "eip_proxy_fer",
      "provider": "provider[\"registry.terraform.io/hashicorp/aws\"]",
      "instances": [
        {
          "schema_version": 0,
          "attributes": {
            "address": null,
            "allocation_id": "eipalloc-0c1e5f9c324702599",
            "associate_with_private_ip": null,
            "association_id": "eipassoc-0ec3e98e56c38211d",
            "carrier_ip": "",
            "customer_owned_ip": "",
            "customer_owned_ipv4_pool": "",
            "domain": "vpc",
            "id": "eipalloc-0c1e5f9c324702599",
            "instance": "i-0e3590601a0cccd70",
            "network_border_group": "us-east-1",
            "network_interface": "eni-081edb7cc2dd90f27",
            "private_dns": "ip-10-10-4-8.ec2.internal",
            "private_ip": "10.10.4.8",
            "public_dns": "ec2-34-200-73-187.compute-1.amazonaws.com",
            "public_ip": "34.200.73.187",
            "public_ipv4_pool": "amazon",
            "tags": {
              "Name": "final_fer_eip_prozy"
            },
            "tags_all": {
              "Name": "final_fer_eip_prozy",
              "cost:env": "academy-aws",
              "cost:project": "ac-aws-pract",
              "env": "ac-aws"
            },
            "timeouts": null,
            "vpc": true
          },
          "sensitive_attributes": [],
          "private": "eyJlMmJmYjczMC1lY2FhLTExZTYtOGY4OC0zNDM2M2JjN2M0YzAiOnsiZGVsZXRlIjoxODAwMDAwMDAwMDAsInJlYWQiOjkwMDAwMDAwMDAwMCwidXBkYXRlIjozMDAwMDAwMDAwMDB9fQ==",
          "dependencies": [
            "aws_instance.bastion_fer",
            "aws_instance.proxy_fer",
            "aws_security_group.sg_bastion_fer",
            "aws_security_group.sg_proxy_fer",
            "aws_subnet.sb_pub1_fer",
            "aws_subnet.sb_pub2_fer",
            "aws_vpc.vpc_fer",
            "data.aws_ami.amazon-linux-2"
          ]
        }
      ]
    },
    {
      "mode": "managed",
      "type": "aws_instance",
      "name": "app1_fer",
      "provider": "provider[\"registry.terraform.io/hashicorp/aws\"]",
      "instances": [
        {
          "schema_version": 1,
          "attributes": {
            "ami": "ami-06eecef118bbf9259",
            "arn": "arn:aws:ec2:us-east-1:509130302659:instance/i-06d186e2103717d59",
            "associate_public_ip_address": false,
            "availability_zone": "us-east-1a",
            "capacity_reservation_specification": [
              {
                "capacity_reservation_preference": "open",
                "capacity_reservation_target": []
              }
            ],
            "cpu_core_count": 1,
            "cpu_threads_per_core": 1,
            "credit_specification": [
              {
                "cpu_credits": "standard"
              }
            ],
            "disable_api_termination": false,
            "ebs_block_device": [],
            "ebs_optimized": false,
            "enclave_options": [
              {
                "enabled": false
              }
            ],
            "ephemeral_block_device": [],
            "get_password_data": false,
            "hibernation": false,
            "host_id": null,
            "iam_instance_profile": "",
            "id": "i-06d186e2103717d59",
            "instance_initiated_shutdown_behavior": "stop",
            "instance_state": "running",
            "instance_type": "t2.micro",
            "ipv6_address_count": 0,
            "ipv6_addresses": [],
            "key_name": "ac_xl_pract_ssh",
            "launch_template": [],
            "maintenance_options": [
              {
                "auto_recovery": "default"
              }
            ],
            "metadata_options": [
              {
                "http_endpoint": "enabled",
                "http_put_response_hop_limit": 1,
                "http_tokens": "optional",
                "instance_metadata_tags": "disabled"
              }
            ],
            "monitoring": false,
            "network_interface": [],
            "outpost_arn": "",
            "password_data": "",
            "placement_group": "",
            "placement_partition_number": null,
            "primary_network_interface_id": "eni-0a8c6c33529a32add",
            "private_dns": "ip-10-10-1-11.ec2.internal",
            "private_ip": "10.10.1.11",
            "public_dns": "",
            "public_ip": "",
            "root_block_device": [
              {
                "delete_on_termination": true,
                "device_name": "/dev/xvda",
                "encrypted": false,
                "iops": 100,
                "kms_key_id": "",
                "tags": null,
                "throughput": 0,
                "volume_id": "vol-033afe86739d1e45a",
                "volume_size": 30,
                "volume_type": "gp2"
              }
            ],
            "secondary_private_ips": [],
            "security_groups": [],
            "source_dest_check": true,
            "subnet_id": "subnet-0b325127fed970707",
            "tags": {
              "Name": "final_fer_app1"
            },
            "tags_all": {
              "Name": "final_fer_app1",
              "cost:env": "academy-aws",
              "cost:project": "ac-aws-pract",
              "env": "ac-aws"
            },
            "tenancy": "default",
            "timeouts": null,
            "user_data": "4bb53668ffcdbf698e57e2083a57678397dd58d4",
            "user_data_base64": null,
            "user_data_replace_on_change": false,
            "volume_tags": null,
            "vpc_security_group_ids": [
              "sg-0b199df57bd46bbf1"
            ]
          },
          "sensitive_attributes": [],
          "private": "eyJlMmJmYjczMC1lY2FhLTExZTYtOGY4OC0zNDM2M2JjN2M0YzAiOnsiY3JlYXRlIjo2MDAwMDAwMDAwMDAsImRlbGV0ZSI6MTIwMDAwMDAwMDAwMCwidXBkYXRlIjo2MDAwMDAwMDAwMDB9LCJzY2hlbWFfdmVyc2lvbiI6IjEifQ==",
          "dependencies": [
            "aws_instance.bastion_fer",
            "aws_instance.proxy_fer",
            "aws_security_group.sg_app_fer",
            "aws_security_group.sg_bastion_fer",
            "aws_security_group.sg_lb_fer",
            "aws_security_group.sg_proxy_fer",
            "aws_subnet.sb_priv1_fer",
            "aws_subnet.sb_pub1_fer",
            "aws_subnet.sb_pub2_fer",
            "aws_vpc.vpc_fer",
            "data.aws_ami.amazon-linux-2"
          ]
        }
      ]
    },
    {
      "mode": "managed",
      "type": "aws_instance",
      "name": "app2_fer",
      "provider": "provider[\"registry.terraform.io/hashicorp/aws\"]",
      "instances": [
        {
          "schema_version": 1,
          "attributes": {
            "ami": "ami-06eecef118bbf9259",
            "arn": "arn:aws:ec2:us-east-1:509130302659:instance/i-0fa1e98fcb9e4270a",
            "associate_public_ip_address": false,
            "availability_zone": "us-east-1b",
            "capacity_reservation_specification": [
              {
                "capacity_reservation_preference": "open",
                "capacity_reservation_target": []
              }
            ],
            "cpu_core_count": 1,
            "cpu_threads_per_core": 1,
            "credit_specification": [
              {
                "cpu_credits": "standard"
              }
            ],
            "disable_api_termination": false,
            "ebs_block_device": [],
            "ebs_optimized": false,
            "enclave_options": [
              {
                "enabled": false
              }
            ],
            "ephemeral_block_device": [],
            "get_password_data": false,
            "hibernation": false,
            "host_id": null,
            "iam_instance_profile": "",
            "id": "i-0fa1e98fcb9e4270a",
            "instance_initiated_shutdown_behavior": "stop",
            "instance_state": "running",
            "instance_type": "t2.micro",
            "ipv6_address_count": 0,
            "ipv6_addresses": [],
            "key_name": "ac_xl_pract_ssh",
            "launch_template": [],
            "maintenance_options": [
              {
                "auto_recovery": "default"
              }
            ],
            "metadata_options": [
              {
                "http_endpoint": "enabled",
                "http_put_response_hop_limit": 1,
                "http_tokens": "optional",
                "instance_metadata_tags": "disabled"
              }
            ],
            "monitoring": false,
            "network_interface": [],
            "outpost_arn": "",
            "password_data": "",
            "placement_group": "",
            "placement_partition_number": null,
            "primary_network_interface_id": "eni-0595afe4a8222e71b",
            "private_dns": "ip-10-10-2-10.ec2.internal",
            "private_ip": "10.10.2.10",
            "public_dns": "",
            "public_ip": "",
            "root_block_device": [
              {
                "delete_on_termination": true,
                "device_name": "/dev/xvda",
                "encrypted": false,
                "iops": 100,
                "kms_key_id": "",
                "tags": null,
                "throughput": 0,
                "volume_id": "vol-0ccfb6bae62ebd1d4",
                "volume_size": 30,
                "volume_type": "gp2"
              }
            ],
            "secondary_private_ips": [],
            "security_groups": [],
            "source_dest_check": true,
            "subnet_id": "subnet-0cae4a45be1f2bfdc",
            "tags": {
              "Name": "final_fer_app2"
            },
            "tags_all": {
              "Name": "final_fer_app2",
              "cost:env": "academy-aws",
              "cost:project": "ac-aws-pract",
              "env": "ac-aws"
            },
            "tenancy": "default",
            "timeouts": null,
            "user_data": "d4ab7a36cbbc52db5cb3f4d7566a686e258a011a",
            "user_data_base64": null,
            "user_data_replace_on_change": false,
            "volume_tags": null,
            "vpc_security_group_ids": [
              "sg-0b199df57bd46bbf1"
            ]
          },
          "sensitive_attributes": [],
          "private": "eyJlMmJmYjczMC1lY2FhLTExZTYtOGY4OC0zNDM2M2JjN2M0YzAiOnsiY3JlYXRlIjo2MDAwMDAwMDAwMDAsImRlbGV0ZSI6MTIwMDAwMDAwMDAwMCwidXBkYXRlIjo2MDAwMDAwMDAwMDB9LCJzY2hlbWFfdmVyc2lvbiI6IjEifQ==",
          "dependencies": [
            "aws_instance.bastion_fer",
            "aws_instance.proxy_fer",
            "aws_security_group.sg_app_fer",
            "aws_security_group.sg_bastion_fer",
            "aws_security_group.sg_lb_fer",
            "aws_security_group.sg_proxy_fer",
            "aws_subnet.sb_priv2_fer",
            "aws_subnet.sb_pub1_fer",
            "aws_subnet.sb_pub2_fer",
            "aws_vpc.vpc_fer",
            "data.aws_ami.amazon-linux-2"
          ]
        }
      ]
    },
    {
      "mode": "managed",
      "type": "aws_instance",
      "name": "bastion_fer",
      "provider": "provider[\"registry.terraform.io/hashicorp/aws\"]",
      "instances": [
        {
          "schema_version": 1,
          "attributes": {
            "ami": "ami-06eecef118bbf9259",
            "arn": "arn:aws:ec2:us-east-1:509130302659:instance/i-0f9e5eef454c4fc35",
            "associate_public_ip_address": true,
            "availability_zone": "us-east-1a",
            "capacity_reservation_specification": [
              {
                "capacity_reservation_preference": "open",
                "capacity_reservation_target": []
              }
            ],
            "cpu_core_count": 1,
            "cpu_threads_per_core": 1,
            "credit_specification": [
              {
                "cpu_credits": "standard"
              }
            ],
            "disable_api_termination": false,
            "ebs_block_device": [],
            "ebs_optimized": false,
            "enclave_options": [
              {
                "enabled": false
              }
            ],
            "ephemeral_block_device": [],
            "get_password_data": false,
            "hibernation": false,
            "host_id": null,
            "iam_instance_profile": "",
            "id": "i-0f9e5eef454c4fc35",
            "instance_initiated_shutdown_behavior": "stop",
            "instance_state": "running",
            "instance_type": "t2.micro",
            "ipv6_address_count": 0,
            "ipv6_addresses": [],
            "key_name": "ac_xl_pract_ssh",
            "launch_template": [],
            "maintenance_options": [
              {
                "auto_recovery": "default"
              }
            ],
            "metadata_options": [
              {
                "http_endpoint": "enabled",
                "http_put_response_hop_limit": 1,
                "http_tokens": "optional",
                "instance_metadata_tags": "disabled"
              }
            ],
            "monitoring": false,
            "network_interface": [],
            "outpost_arn": "",
            "password_data": "",
            "placement_group": "",
            "placement_partition_number": null,
            "primary_network_interface_id": "eni-09c10d2238abcb8d0",
            "private_dns": "ip-10-10-3-7.ec2.internal",
            "private_ip": "10.10.3.7",
            "public_dns": "",
            "public_ip": "44.204.102.111",
            "root_block_device": [
              {
                "delete_on_termination": true,
                "device_name": "/dev/xvda",
                "encrypted": false,
                "iops": 100,
                "kms_key_id": "",
                "tags": null,
                "throughput": 0,
                "volume_id": "vol-02bb11b9244ae61d3",
                "volume_size": 30,
                "volume_type": "gp2"
              }
            ],
            "secondary_private_ips": [],
            "security_groups": [],
            "source_dest_check": true,
            "subnet_id": "subnet-0cb66f1d77b4b2b73",
            "tags": {
              "Name": "final_fer_bastion"
            },
            "tags_all": {
              "Name": "final_fer_bastion",
              "cost:env": "academy-aws",
              "cost:project": "ac-aws-pract",
              "env": "ac-aws"
            },
            "tenancy": "default",
            "timeouts": null,
            "user_data": "c3c5d531fb4724b6a5452a572b0d2d30f95acfa0",
            "user_data_base64": null,
            "user_data_replace_on_change": false,
            "volume_tags": null,
            "vpc_security_group_ids": [
              "sg-0166946ee74cf2d75"
            ]
          },
          "sensitive_attributes": [],
          "private": "eyJlMmJmYjczMC1lY2FhLTExZTYtOGY4OC0zNDM2M2JjN2M0YzAiOnsiY3JlYXRlIjo2MDAwMDAwMDAwMDAsImRlbGV0ZSI6MTIwMDAwMDAwMDAwMCwidXBkYXRlIjo2MDAwMDAwMDAwMDB9LCJzY2hlbWFfdmVyc2lvbiI6IjEifQ==",
          "dependencies": [
            "aws_security_group.sg_bastion_fer",
            "aws_subnet.sb_pub1_fer",
            "aws_vpc.vpc_fer",
            "data.aws_ami.amazon-linux-2"
          ]
        }
      ]
    },
    {
      "mode": "managed",
      "type": "aws_instance",
      "name": "proxy_fer",
      "provider": "provider[\"registry.terraform.io/hashicorp/aws\"]",
      "instances": [
        {
          "schema_version": 1,
          "attributes": {
            "ami": "ami-06eecef118bbf9259",
            "arn": "arn:aws:ec2:us-east-1:509130302659:instance/i-0e3590601a0cccd70",
            "associate_public_ip_address": true,
            "availability_zone": "us-east-1b",
            "capacity_reservation_specification": [
              {
                "capacity_reservation_preference": "open",
                "capacity_reservation_target": []
              }
            ],
            "cpu_core_count": 1,
            "cpu_threads_per_core": 1,
            "credit_specification": [
              {
                "cpu_credits": "standard"
              }
            ],
            "disable_api_termination": false,
            "ebs_block_device": [],
            "ebs_optimized": false,
            "enclave_options": [
              {
                "enabled": false
              }
            ],
            "ephemeral_block_device": [],
            "get_password_data": false,
            "hibernation": false,
            "host_id": null,
            "iam_instance_profile": "",
            "id": "i-0e3590601a0cccd70",
            "instance_initiated_shutdown_behavior": "stop",
            "instance_state": "running",
            "instance_type": "t2.micro",
            "ipv6_address_count": 0,
            "ipv6_addresses": [],
            "key_name": "ac_xl_pract_ssh",
            "launch_template": [],
            "maintenance_options": [
              {
                "auto_recovery": "default"
              }
            ],
            "metadata_options": [
              {
                "http_endpoint": "enabled",
                "http_put_response_hop_limit": 1,
                "http_tokens": "optional",
                "instance_metadata_tags": "disabled"
              }
            ],
            "monitoring": false,
            "network_interface": [],
            "outpost_arn": "",
            "password_data": "",
            "placement_group": "",
            "placement_partition_number": null,
            "primary_network_interface_id": "eni-081edb7cc2dd90f27",
            "private_dns": "ip-10-10-4-8.ec2.internal",
            "private_ip": "10.10.4.8",
            "public_dns": "",
            "public_ip": "107.22.154.93",
            "root_block_device": [
              {
                "delete_on_termination": true,
                "device_name": "/dev/xvda",
                "encrypted": false,
                "iops": 100,
                "kms_key_id": "",
                "tags": null,
                "throughput": 0,
                "volume_id": "vol-0223e26c5280e5e9c",
                "volume_size": 30,
                "volume_type": "gp2"
              }
            ],
            "secondary_private_ips": [],
            "security_groups": [],
            "source_dest_check": true,
            "subnet_id": "subnet-0bdfb3181048bf9e9",
            "tags": {
              "Name": "final_fer_proxy"
            },
            "tags_all": {
              "Name": "final_fer_proxy",
              "cost:env": "academy-aws",
              "cost:project": "ac-aws-pract",
              "env": "ac-aws"
            },
            "tenancy": "default",
            "timeouts": null,
            "user_data": "54e5957387d5e7978faa21f3903d35e487d6ad2b",
            "user_data_base64": null,
            "user_data_replace_on_change": false,
            "volume_tags": null,
            "vpc_security_group_ids": [
              "sg-0dc200f5c4e31a841"
            ]
          },
          "sensitive_attributes": [],
          "private": "eyJlMmJmYjczMC1lY2FhLTExZTYtOGY4OC0zNDM2M2JjN2M0YzAiOnsiY3JlYXRlIjo2MDAwMDAwMDAwMDAsImRlbGV0ZSI6MTIwMDAwMDAwMDAwMCwidXBkYXRlIjo2MDAwMDAwMDAwMDB9LCJzY2hlbWFfdmVyc2lvbiI6IjEifQ==",
          "dependencies": [
            "aws_instance.bastion_fer",
            "aws_security_group.sg_bastion_fer",
            "aws_security_group.sg_proxy_fer",
            "aws_subnet.sb_pub1_fer",
            "aws_subnet.sb_pub2_fer",
            "aws_vpc.vpc_fer",
            "data.aws_ami.amazon-linux-2"
          ]
        }
      ]
    },
    {
      "mode": "managed",
      "type": "aws_internet_gateway",
      "name": "ig_fer",
      "provider": "provider[\"registry.terraform.io/hashicorp/aws\"]",
      "instances": [
        {
          "schema_version": 0,
          "attributes": {
            "arn": "arn:aws:ec2:us-east-1:509130302659:internet-gateway/igw-03886a24f1d554403",
            "id": "igw-03886a24f1d554403",
            "owner_id": "509130302659",
            "tags": {
              "Name": "final_fer_ig"
            },
            "tags_all": {
              "Name": "final_fer_ig",
              "cost:env": "academy-aws",
              "cost:project": "ac-aws-pract",
              "env": "ac-aws"
            },
            "vpc_id": "vpc-04d210825730abf5a"
          },
          "sensitive_attributes": [],
          "private": "bnVsbA==",
          "dependencies": [
            "aws_vpc.vpc_fer"
          ]
        }
      ]
    },
    {
      "mode": "managed",
      "type": "aws_lb",
      "name": "lb_fer",
      "provider": "provider[\"registry.terraform.io/hashicorp/aws\"]",
      "instances": [
        {
          "schema_version": 0,
          "attributes": {
            "access_logs": [
              {
                "bucket": "",
                "enabled": false,
                "prefix": ""
              }
            ],
            "arn": "arn:aws:elasticloadbalancing:us-east-1:509130302659:loadbalancer/app/tf-lb-20220510121200571700000002/ed6e09dd66618ece",
            "arn_suffix": "app/tf-lb-20220510121200571700000002/ed6e09dd66618ece",
            "customer_owned_ipv4_pool": "",
            "desync_mitigation_mode": "defensive",
            "dns_name": "internal-tf-lb-20220510121200571700000002-890486155.us-east-1.elb.amazonaws.com",
            "drop_invalid_header_fields": false,
            "enable_cross_zone_load_balancing": null,
            "enable_deletion_protection": false,
            "enable_http2": true,
            "enable_waf_fail_open": false,
            "id": "arn:aws:elasticloadbalancing:us-east-1:509130302659:loadbalancer/app/tf-lb-20220510121200571700000002/ed6e09dd66618ece",
            "idle_timeout": 60,
            "internal": true,
            "ip_address_type": "ipv4",
            "load_balancer_type": "application",
            "name": "tf-lb-20220510121200571700000002",
            "name_prefix": null,
            "security_groups": [
              "sg-0bc3428a3e7830d55"
            ],
            "subnet_mapping": [
              {
                "allocation_id": "",
                "ipv6_address": "",
                "outpost_id": "",
                "private_ipv4_address": "",
                "subnet_id": "subnet-0b325127fed970707"
              },
              {
                "allocation_id": "",
                "ipv6_address": "",
                "outpost_id": "",
                "private_ipv4_address": "",
                "subnet_id": "subnet-0cae4a45be1f2bfdc"
              }
            ],
            "subnets": [
              "subnet-0b325127fed970707",
              "subnet-0cae4a45be1f2bfdc"
            ],
            "tags": {
              "Name": "final_fer_lb"
            },
            "tags_all": {
              "Name": "final_fer_lb",
              "cost:env": "academy-aws",
              "cost:project": "ac-aws-pract",
              "env": "ac-aws"
            },
            "timeouts": null,
            "vpc_id": "vpc-04d210825730abf5a",
            "zone_id": "Z35SXDOTRQ7X7K"
          },
          "sensitive_attributes": [],
          "private": "eyJlMmJmYjczMC1lY2FhLTExZTYtOGY4OC0zNDM2M2JjN2M0YzAiOnsiY3JlYXRlIjo2MDAwMDAwMDAwMDAsImRlbGV0ZSI6NjAwMDAwMDAwMDAwLCJ1cGRhdGUiOjYwMDAwMDAwMDAwMH19",
          "dependencies": [
            "aws_instance.bastion_fer",
            "aws_instance.proxy_fer",
            "aws_security_group.sg_bastion_fer",
            "aws_security_group.sg_lb_fer",
            "aws_security_group.sg_proxy_fer",
            "aws_subnet.sb_priv1_fer",
            "aws_subnet.sb_priv2_fer",
            "aws_subnet.sb_pub1_fer",
            "aws_subnet.sb_pub2_fer",
            "aws_vpc.vpc_fer",
            "data.aws_ami.amazon-linux-2"
          ]
        }
      ]
    },
    {
      "mode": "managed",
      "type": "aws_lb_listener",
      "name": "list_lb_fer",
      "provider": "provider[\"registry.terraform.io/hashicorp/aws\"]",
      "instances": [
        {
          "schema_version": 0,
          "attributes": {
            "alpn_policy": null,
            "arn": "arn:aws:elasticloadbalancing:us-east-1:509130302659:listener/app/tf-lb-20220510121200571700000002/ed6e09dd66618ece/b27659c3dced6ecf",
            "certificate_arn": null,
            "default_action": [
              {
                "authenticate_cognito": [],
                "authenticate_oidc": [],
                "fixed_response": [],
                "forward": [],
                "order": 1,
                "redirect": [],
                "target_group_arn": "arn:aws:elasticloadbalancing:us-east-1:509130302659:targetgroup/tf-20220510121019466800000001/bb28452fbd8a9f1f",
                "type": "forward"
              }
            ],
            "id": "arn:aws:elasticloadbalancing:us-east-1:509130302659:listener/app/tf-lb-20220510121200571700000002/ed6e09dd66618ece/b27659c3dced6ecf",
            "load_balancer_arn": "arn:aws:elasticloadbalancing:us-east-1:509130302659:loadbalancer/app/tf-lb-20220510121200571700000002/ed6e09dd66618ece",
            "port": 80,
            "protocol": "HTTP",
            "ssl_policy": "",
            "tags": null,
            "tags_all": {
              "cost:env": "academy-aws",
              "cost:project": "ac-aws-pract",
              "env": "ac-aws"
            },
            "timeouts": null
          },
          "sensitive_attributes": [],
          "private": "eyJlMmJmYjczMC1lY2FhLTExZTYtOGY4OC0zNDM2M2JjN2M0YzAiOnsicmVhZCI6NjAwMDAwMDAwMDAwfX0=",
          "dependencies": [
            "aws_instance.bastion_fer",
            "aws_instance.proxy_fer",
            "aws_lb.lb_fer",
            "aws_lb_target_group.tg_lb_fer",
            "aws_security_group.sg_bastion_fer",
            "aws_security_group.sg_lb_fer",
            "aws_security_group.sg_proxy_fer",
            "aws_subnet.sb_priv1_fer",
            "aws_subnet.sb_priv2_fer",
            "aws_subnet.sb_pub1_fer",
            "aws_subnet.sb_pub2_fer",
            "aws_vpc.vpc_fer",
            "data.aws_ami.amazon-linux-2"
          ]
        }
      ]
    },
    {
      "mode": "managed",
      "type": "aws_lb_target_group",
      "name": "tg_lb_fer",
      "provider": "provider[\"registry.terraform.io/hashicorp/aws\"]",
      "instances": [
        {
          "schema_version": 0,
          "attributes": {
            "arn": "arn:aws:elasticloadbalancing:us-east-1:509130302659:targetgroup/tf-20220510121019466800000001/bb28452fbd8a9f1f",
            "arn_suffix": "targetgroup/tf-20220510121019466800000001/bb28452fbd8a9f1f",
            "connection_termination": false,
            "deregistration_delay": "300",
            "health_check": [
              {
                "enabled": true,
                "healthy_threshold": 5,
                "interval": 10,
                "matcher": "200",
                "path": "/",
                "port": "traffic-port",
                "protocol": "HTTP",
                "timeout": 5,
                "unhealthy_threshold": 2
              }
            ],
            "id": "arn:aws:elasticloadbalancing:us-east-1:509130302659:targetgroup/tf-20220510121019466800000001/bb28452fbd8a9f1f",
            "lambda_multi_value_headers_enabled": false,
            "load_balancing_algorithm_type": "round_robin",
            "name": "tf-20220510121019466800000001",
            "name_prefix": null,
            "port": 80,
            "preserve_client_ip": null,
            "protocol": "HTTP",
            "protocol_version": "HTTP1",
            "proxy_protocol_v2": false,
            "slow_start": 0,
            "stickiness": [
              {
                "cookie_duration": 86400,
                "cookie_name": "",
                "enabled": false,
                "type": "lb_cookie"
              }
            ],
            "tags": null,
            "tags_all": {
              "cost:env": "academy-aws",
              "cost:project": "ac-aws-pract",
              "env": "ac-aws"
            },
            "target_type": "instance",
            "vpc_id": "vpc-04d210825730abf5a"
          },
          "sensitive_attributes": [],
          "private": "bnVsbA==",
          "dependencies": [
            "aws_vpc.vpc_fer"
          ]
        }
      ]
    },
    {
      "mode": "managed",
      "type": "aws_lb_target_group_attachment",
      "name": "at1_lb_fer",
      "provider": "provider[\"registry.terraform.io/hashicorp/aws\"]",
      "instances": [
        {
          "schema_version": 0,
          "attributes": {
            "availability_zone": null,
            "id": "arn:aws:elasticloadbalancing:us-east-1:509130302659:targetgroup/tf-20220510121019466800000001/bb28452fbd8a9f1f-20220510121249846800000004",
            "port": 80,
            "target_group_arn": "arn:aws:elasticloadbalancing:us-east-1:509130302659:targetgroup/tf-20220510121019466800000001/bb28452fbd8a9f1f",
            "target_id": "i-06d186e2103717d59"
          },
          "sensitive_attributes": [],
          "private": "bnVsbA==",
          "dependencies": [
            "aws_instance.app1_fer",
            "aws_instance.bastion_fer",
            "aws_instance.proxy_fer",
            "aws_lb_target_group.tg_lb_fer",
            "aws_security_group.sg_app_fer",
            "aws_security_group.sg_bastion_fer",
            "aws_security_group.sg_lb_fer",
            "aws_security_group.sg_proxy_fer",
            "aws_subnet.sb_priv1_fer",
            "aws_subnet.sb_pub1_fer",
            "aws_subnet.sb_pub2_fer",
            "aws_vpc.vpc_fer",
            "data.aws_ami.amazon-linux-2"
          ]
        }
      ]
    },
    {
      "mode": "managed",
      "type": "aws_lb_target_group_attachment",
      "name": "at2_lb_fer",
      "provider": "provider[\"registry.terraform.io/hashicorp/aws\"]",
      "instances": [
        {
          "schema_version": 0,
          "attributes": {
            "availability_zone": null,
            "id": "arn:aws:elasticloadbalancing:us-east-1:509130302659:targetgroup/tf-20220510121019466800000001/bb28452fbd8a9f1f-20220510121240063600000003",
            "port": 80,
            "target_group_arn": "arn:aws:elasticloadbalancing:us-east-1:509130302659:targetgroup/tf-20220510121019466800000001/bb28452fbd8a9f1f",
            "target_id": "i-0fa1e98fcb9e4270a"
          },
          "sensitive_attributes": [],
          "private": "bnVsbA==",
          "dependencies": [
            "aws_instance.app2_fer",
            "aws_instance.bastion_fer",
            "aws_instance.proxy_fer",
            "aws_lb_target_group.tg_lb_fer",
            "aws_security_group.sg_app_fer",
            "aws_security_group.sg_bastion_fer",
            "aws_security_group.sg_lb_fer",
            "aws_security_group.sg_proxy_fer",
            "aws_subnet.sb_priv2_fer",
            "aws_subnet.sb_pub1_fer",
            "aws_subnet.sb_pub2_fer",
            "aws_vpc.vpc_fer",
            "data.aws_ami.amazon-linux-2"
          ]
        }
      ]
    },
    {
      "mode": "managed",
      "type": "aws_nat_gateway",
      "name": "nat_fer",
      "provider": "provider[\"registry.terraform.io/hashicorp/aws\"]",
      "instances": [
        {
          "schema_version": 0,
          "attributes": {
            "allocation_id": "eipalloc-0157be14f210629be",
            "connectivity_type": "public",
            "id": "nat-0afd842931e2f7686",
            "network_interface_id": "eni-09a71019752f7f9f3",
            "private_ip": "10.10.3.9",
            "public_ip": "34.237.95.200",
            "subnet_id": "subnet-0cb66f1d77b4b2b73",
            "tags": {
              "Name": "final_fer_nat"
            },
            "tags_all": {
              "Name": "final_fer_nat",
              "cost:env": "academy-aws",
              "cost:project": "ac-aws-pract",
              "env": "ac-aws"
            }
          },
          "sensitive_attributes": [],
          "private": "bnVsbA==",
          "dependencies": [
            "aws_eip.eip_fer",
            "aws_internet_gateway.ig_fer",
            "aws_subnet.sb_pub1_fer",
            "aws_vpc.vpc_fer"
          ]
        }
      ]
    },
    {
      "mode": "managed",
      "type": "aws_route_table",
      "name": "rt_priv_fer",
      "provider": "provider[\"registry.terraform.io/hashicorp/aws\"]",
      "instances": [
        {
          "schema_version": 0,
          "attributes": {
            "arn": "arn:aws:ec2:us-east-1:509130302659:route-table/rtb-0e396a55af45448ad",
            "id": "rtb-0e396a55af45448ad",
            "owner_id": "509130302659",
            "propagating_vgws": [],
            "route": [
              {
                "carrier_gateway_id": "",
                "cidr_block": "0.0.0.0/0",
                "core_network_arn": "",
                "destination_prefix_list_id": "",
                "egress_only_gateway_id": "",
                "gateway_id": "nat-0afd842931e2f7686",
                "instance_id": "",
                "ipv6_cidr_block": "",
                "local_gateway_id": "",
                "nat_gateway_id": "",
                "network_interface_id": "",
                "transit_gateway_id": "",
                "vpc_endpoint_id": "",
                "vpc_peering_connection_id": ""
              }
            ],
            "tags": {
              "Name": "final_fer_rt_priv"
            },
            "tags_all": {
              "Name": "final_fer_rt_priv",
              "cost:env": "academy-aws",
              "cost:project": "ac-aws-pract",
              "env": "ac-aws"
            },
            "timeouts": null,
            "vpc_id": "vpc-04d210825730abf5a"
          },
          "sensitive_attributes": [],
          "private": "eyJlMmJmYjczMC1lY2FhLTExZTYtOGY4OC0zNDM2M2JjN2M0YzAiOnsiY3JlYXRlIjozMDAwMDAwMDAwMDAsImRlbGV0ZSI6MzAwMDAwMDAwMDAwLCJ1cGRhdGUiOjEyMDAwMDAwMDAwMH19",
          "dependencies": [
            "aws_eip.eip_fer",
            "aws_internet_gateway.ig_fer",
            "aws_nat_gateway.nat_fer",
            "aws_subnet.sb_pub1_fer",
            "aws_vpc.vpc_fer"
          ]
        }
      ]
    },
    {
      "mode": "managed",
      "type": "aws_route_table",
      "name": "rt_pub_fer",
      "provider": "provider[\"registry.terraform.io/hashicorp/aws\"]",
      "instances": [
        {
          "schema_version": 0,
          "attributes": {
            "arn": "arn:aws:ec2:us-east-1:509130302659:route-table/rtb-0ebd4074f149f0ef3",
            "id": "rtb-0ebd4074f149f0ef3",
            "owner_id": "509130302659",
            "propagating_vgws": [],
            "route": [
              {
                "carrier_gateway_id": "",
                "cidr_block": "0.0.0.0/0",
                "core_network_arn": "",
                "destination_prefix_list_id": "",
                "egress_only_gateway_id": "",
                "gateway_id": "igw-03886a24f1d554403",
                "instance_id": "",
                "ipv6_cidr_block": "",
                "local_gateway_id": "",
                "nat_gateway_id": "",
                "network_interface_id": "",
                "transit_gateway_id": "",
                "vpc_endpoint_id": "",
                "vpc_peering_connection_id": ""
              }
            ],
            "tags": {
              "Name": "final_fer_rt_pub"
            },
            "tags_all": {
              "Name": "final_fer_rt_pub",
              "cost:env": "academy-aws",
              "cost:project": "ac-aws-pract",
              "env": "ac-aws"
            },
            "timeouts": null,
            "vpc_id": "vpc-04d210825730abf5a"
          },
          "sensitive_attributes": [],
          "private": "eyJlMmJmYjczMC1lY2FhLTExZTYtOGY4OC0zNDM2M2JjN2M0YzAiOnsiY3JlYXRlIjozMDAwMDAwMDAwMDAsImRlbGV0ZSI6MzAwMDAwMDAwMDAwLCJ1cGRhdGUiOjEyMDAwMDAwMDAwMH19",
          "dependencies": [
            "aws_internet_gateway.ig_fer",
            "aws_vpc.vpc_fer"
          ]
        }
      ]
    },
    {
      "mode": "managed",
      "type": "aws_route_table_association",
      "name": "as1_rtpriv_fer",
      "provider": "provider[\"registry.terraform.io/hashicorp/aws\"]",
      "instances": [
        {
          "schema_version": 0,
          "attributes": {
            "gateway_id": "",
            "id": "rtbassoc-0b240d70e34394310",
            "route_table_id": "rtb-0e396a55af45448ad",
            "subnet_id": "subnet-0b325127fed970707"
          },
          "sensitive_attributes": [],
          "private": "bnVsbA==",
          "dependencies": [
            "aws_eip.eip_fer",
            "aws_internet_gateway.ig_fer",
            "aws_nat_gateway.nat_fer",
            "aws_route_table.rt_priv_fer",
            "aws_subnet.sb_priv1_fer",
            "aws_subnet.sb_pub1_fer",
            "aws_vpc.vpc_fer"
          ]
        }
      ]
    },
    {
      "mode": "managed",
      "type": "aws_route_table_association",
      "name": "as1_rtpub_fer",
      "provider": "provider[\"registry.terraform.io/hashicorp/aws\"]",
      "instances": [
        {
          "schema_version": 0,
          "attributes": {
            "gateway_id": "",
            "id": "rtbassoc-08ba1b7bcb7e7effe",
            "route_table_id": "rtb-0ebd4074f149f0ef3",
            "subnet_id": "subnet-0cb66f1d77b4b2b73"
          },
          "sensitive_attributes": [],
          "private": "bnVsbA==",
          "dependencies": [
            "aws_internet_gateway.ig_fer",
            "aws_route_table.rt_pub_fer",
            "aws_subnet.sb_pub1_fer",
            "aws_vpc.vpc_fer"
          ]
        }
      ]
    },
    {
      "mode": "managed",
      "type": "aws_route_table_association",
      "name": "as2_rtpriv_fer",
      "provider": "provider[\"registry.terraform.io/hashicorp/aws\"]",
      "instances": [
        {
          "schema_version": 0,
          "attributes": {
            "gateway_id": "",
            "id": "rtbassoc-0ce72e1c878e42547",
            "route_table_id": "rtb-0e396a55af45448ad",
            "subnet_id": "subnet-0cae4a45be1f2bfdc"
          },
          "sensitive_attributes": [],
          "private": "bnVsbA==",
          "dependencies": [
            "aws_eip.eip_fer",
            "aws_internet_gateway.ig_fer",
            "aws_nat_gateway.nat_fer",
            "aws_route_table.rt_priv_fer",
            "aws_subnet.sb_priv2_fer",
            "aws_subnet.sb_pub1_fer",
            "aws_vpc.vpc_fer"
          ]
        }
      ]
    },
    {
      "mode": "managed",
      "type": "aws_route_table_association",
      "name": "as2_rtpub_fer",
      "provider": "provider[\"registry.terraform.io/hashicorp/aws\"]",
      "instances": [
        {
          "schema_version": 0,
          "attributes": {
            "gateway_id": "",
            "id": "rtbassoc-0d6572ee8a63d7d72",
            "route_table_id": "rtb-0ebd4074f149f0ef3",
            "subnet_id": "subnet-0bdfb3181048bf9e9"
          },
          "sensitive_attributes": [],
          "private": "bnVsbA==",
          "dependencies": [
            "aws_internet_gateway.ig_fer",
            "aws_route_table.rt_pub_fer",
            "aws_subnet.sb_pub2_fer",
            "aws_vpc.vpc_fer"
          ]
        }
      ]
    },
    {
      "mode": "managed",
      "type": "aws_security_group",
      "name": "sg_app_fer",
      "provider": "provider[\"registry.terraform.io/hashicorp/aws\"]",
      "instances": [
        {
          "schema_version": 1,
          "attributes": {
            "arn": "arn:aws:ec2:us-east-1:509130302659:security-group/sg-0b199df57bd46bbf1",
            "description": "sg for bastion",
            "egress": [
              {
                "cidr_blocks": [
                  "0.0.0.0/0"
                ],
                "description": "",
                "from_port": 0,
                "ipv6_cidr_blocks": [],
                "prefix_list_ids": [],
                "protocol": "-1",
                "security_groups": [],
                "self": false,
                "to_port": 0
              }
            ],
            "id": "sg-0b199df57bd46bbf1",
            "ingress": [
              {
                "cidr_blocks": [],
                "description": "lb",
                "from_port": 22,
                "ipv6_cidr_blocks": [],
                "prefix_list_ids": [],
                "protocol": "tcp",
                "security_groups": [
                  "sg-0bc3428a3e7830d55"
                ],
                "self": false,
                "to_port": 22
              },
              {
                "cidr_blocks": [],
                "description": "lb",
                "from_port": 80,
                "ipv6_cidr_blocks": [],
                "prefix_list_ids": [],
                "protocol": "tcp",
                "security_groups": [
                  "sg-0bc3428a3e7830d55"
                ],
                "self": false,
                "to_port": 80
              }
            ],
            "name": "final_fer_sg_app",
            "name_prefix": "",
            "owner_id": "509130302659",
            "revoke_rules_on_delete": false,
            "tags": {
              "Name": "final_fer_sg_app"
            },
            "tags_all": {
              "Name": "final_fer_sg_app",
              "cost:env": "academy-aws",
              "cost:project": "ac-aws-pract",
              "env": "ac-aws"
            },
            "timeouts": null,
            "vpc_id": "vpc-04d210825730abf5a"
          },
          "sensitive_attributes": [],
          "private": "eyJlMmJmYjczMC1lY2FhLTExZTYtOGY4OC0zNDM2M2JjN2M0YzAiOnsiY3JlYXRlIjo2MDAwMDAwMDAwMDAsImRlbGV0ZSI6OTAwMDAwMDAwMDAwfSwic2NoZW1hX3ZlcnNpb24iOiIxIn0=",
          "dependencies": [
            "aws_instance.bastion_fer",
            "aws_instance.proxy_fer",
            "aws_security_group.sg_bastion_fer",
            "aws_security_group.sg_lb_fer",
            "aws_security_group.sg_proxy_fer",
            "aws_subnet.sb_pub1_fer",
            "aws_subnet.sb_pub2_fer",
            "aws_vpc.vpc_fer",
            "data.aws_ami.amazon-linux-2"
          ]
        }
      ]
    },
    {
      "mode": "managed",
      "type": "aws_security_group",
      "name": "sg_bastion_fer",
      "provider": "provider[\"registry.terraform.io/hashicorp/aws\"]",
      "instances": [
        {
          "schema_version": 1,
          "attributes": {
            "arn": "arn:aws:ec2:us-east-1:509130302659:security-group/sg-0166946ee74cf2d75",
            "description": "sg for bastion",
            "egress": [
              {
                "cidr_blocks": [
                  "0.0.0.0/0"
                ],
                "description": "",
                "from_port": 0,
                "ipv6_cidr_blocks": [],
                "prefix_list_ids": [],
                "protocol": "-1",
                "security_groups": [],
                "self": false,
                "to_port": 0
              }
            ],
            "id": "sg-0166946ee74cf2d75",
            "ingress": [
              {
                "cidr_blocks": [
                  "0.0.0.0/0"
                ],
                "description": "http",
                "from_port": 80,
                "ipv6_cidr_blocks": [],
                "prefix_list_ids": [],
                "protocol": "tcp",
                "security_groups": [],
                "self": false,
                "to_port": 80
              },
              {
                "cidr_blocks": [
                  "0.0.0.0/0"
                ],
                "description": "https",
                "from_port": 443,
                "ipv6_cidr_blocks": [],
                "prefix_list_ids": [],
                "protocol": "tcp",
                "security_groups": [],
                "self": false,
                "to_port": 443
              },
              {
                "cidr_blocks": [
                  "181.30.225.240/32"
                ],
                "description": "ssh",
                "from_port": 22,
                "ipv6_cidr_blocks": [],
                "prefix_list_ids": [],
                "protocol": "tcp",
                "security_groups": [],
                "self": false,
                "to_port": 22
              }
            ],
            "name": "final_fer_sg_bastion",
            "name_prefix": "",
            "owner_id": "509130302659",
            "revoke_rules_on_delete": false,
            "tags": {
              "Name": "final_fer_sg_bastion"
            },
            "tags_all": {
              "Name": "final_fer_sg_bastion",
              "cost:env": "academy-aws",
              "cost:project": "ac-aws-pract",
              "env": "ac-aws"
            },
            "timeouts": null,
            "vpc_id": "vpc-04d210825730abf5a"
          },
          "sensitive_attributes": [],
          "private": "eyJlMmJmYjczMC1lY2FhLTExZTYtOGY4OC0zNDM2M2JjN2M0YzAiOnsiY3JlYXRlIjo2MDAwMDAwMDAwMDAsImRlbGV0ZSI6OTAwMDAwMDAwMDAwfSwic2NoZW1hX3ZlcnNpb24iOiIxIn0=",
          "dependencies": [
            "aws_vpc.vpc_fer"
          ]
        }
      ]
    },
    {
      "mode": "managed",
      "type": "aws_security_group",
      "name": "sg_lb_fer",
      "provider": "provider[\"registry.terraform.io/hashicorp/aws\"]",
      "instances": [
        {
          "schema_version": 1,
          "attributes": {
            "arn": "arn:aws:ec2:us-east-1:509130302659:security-group/sg-0bc3428a3e7830d55",
            "description": "sg for bastion",
            "egress": [
              {
                "cidr_blocks": [
                  "0.0.0.0/0"
                ],
                "description": "",
                "from_port": 0,
                "ipv6_cidr_blocks": [],
                "prefix_list_ids": [],
                "protocol": "-1",
                "security_groups": [],
                "self": false,
                "to_port": 0
              }
            ],
            "id": "sg-0bc3428a3e7830d55",
            "ingress": [
              {
                "cidr_blocks": [
                  "10.10.4.8/32"
                ],
                "description": "http",
                "from_port": 80,
                "ipv6_cidr_blocks": [],
                "prefix_list_ids": [],
                "protocol": "tcp",
                "security_groups": [],
                "self": false,
                "to_port": 80
              },
              {
                "cidr_blocks": [
                  "10.10.4.8/32"
                ],
                "description": "https",
                "from_port": 443,
                "ipv6_cidr_blocks": [],
                "prefix_list_ids": [],
                "protocol": "tcp",
                "security_groups": [],
                "self": false,
                "to_port": 443
              },
              {
                "cidr_blocks": [
                  "10.10.4.8/32"
                ],
                "description": "proxy",
                "from_port": 22,
                "ipv6_cidr_blocks": [],
                "prefix_list_ids": [],
                "protocol": "tcp",
                "security_groups": [],
                "self": false,
                "to_port": 22
              }
            ],
            "name": "final_fer_sg_lb",
            "name_prefix": "",
            "owner_id": "509130302659",
            "revoke_rules_on_delete": false,
            "tags": {
              "Name": "final_fer_sg_lb"
            },
            "tags_all": {
              "Name": "final_fer_sg_lb",
              "cost:env": "academy-aws",
              "cost:project": "ac-aws-pract",
              "env": "ac-aws"
            },
            "timeouts": null,
            "vpc_id": "vpc-04d210825730abf5a"
          },
          "sensitive_attributes": [],
          "private": "eyJlMmJmYjczMC1lY2FhLTExZTYtOGY4OC0zNDM2M2JjN2M0YzAiOnsiY3JlYXRlIjo2MDAwMDAwMDAwMDAsImRlbGV0ZSI6OTAwMDAwMDAwMDAwfSwic2NoZW1hX3ZlcnNpb24iOiIxIn0=",
          "dependencies": [
            "aws_instance.bastion_fer",
            "aws_instance.proxy_fer",
            "aws_security_group.sg_bastion_fer",
            "aws_security_group.sg_proxy_fer",
            "aws_subnet.sb_pub1_fer",
            "aws_subnet.sb_pub2_fer",
            "aws_vpc.vpc_fer",
            "data.aws_ami.amazon-linux-2"
          ]
        }
      ]
    },
    {
      "mode": "managed",
      "type": "aws_security_group",
      "name": "sg_proxy_fer",
      "provider": "provider[\"registry.terraform.io/hashicorp/aws\"]",
      "instances": [
        {
          "schema_version": 1,
          "attributes": {
            "arn": "arn:aws:ec2:us-east-1:509130302659:security-group/sg-0dc200f5c4e31a841",
            "description": "sg for bastion",
            "egress": [
              {
                "cidr_blocks": [
                  "0.0.0.0/0"
                ],
                "description": "",
                "from_port": 0,
                "ipv6_cidr_blocks": [],
                "prefix_list_ids": [],
                "protocol": "-1",
                "security_groups": [],
                "self": false,
                "to_port": 0
              }
            ],
            "id": "sg-0dc200f5c4e31a841",
            "ingress": [
              {
                "cidr_blocks": [
                  "10.10.3.7/32"
                ],
                "description": "bastion",
                "from_port": 22,
                "ipv6_cidr_blocks": [],
                "prefix_list_ids": [],
                "protocol": "tcp",
                "security_groups": [],
                "self": false,
                "to_port": 22
              }
            ],
            "name": "final_fer_sg_proxy",
            "name_prefix": "",
            "owner_id": "509130302659",
            "revoke_rules_on_delete": false,
            "tags": {
              "Name": "final_fer_sg_proxy"
            },
            "tags_all": {
              "Name": "final_fer_sg_proxy",
              "cost:env": "academy-aws",
              "cost:project": "ac-aws-pract",
              "env": "ac-aws"
            },
            "timeouts": null,
            "vpc_id": "vpc-04d210825730abf5a"
          },
          "sensitive_attributes": [],
          "private": "eyJlMmJmYjczMC1lY2FhLTExZTYtOGY4OC0zNDM2M2JjN2M0YzAiOnsiY3JlYXRlIjo2MDAwMDAwMDAwMDAsImRlbGV0ZSI6OTAwMDAwMDAwMDAwfSwic2NoZW1hX3ZlcnNpb24iOiIxIn0=",
          "dependencies": [
            "aws_instance.bastion_fer",
            "aws_security_group.sg_bastion_fer",
            "aws_subnet.sb_pub1_fer",
            "aws_vpc.vpc_fer",
            "data.aws_ami.amazon-linux-2"
          ]
        }
      ]
    },
    {
      "mode": "managed",
      "type": "aws_subnet",
      "name": "sb_priv1_fer",
      "provider": "provider[\"registry.terraform.io/hashicorp/aws\"]",
      "instances": [
        {
          "schema_version": 1,
          "attributes": {
            "arn": "arn:aws:ec2:us-east-1:509130302659:subnet/subnet-0b325127fed970707",
            "assign_ipv6_address_on_creation": false,
            "availability_zone": "us-east-1a",
            "availability_zone_id": "use1-az1",
            "cidr_block": "10.10.1.0/28",
            "customer_owned_ipv4_pool": "",
            "enable_dns64": false,
            "enable_resource_name_dns_a_record_on_launch": false,
            "enable_resource_name_dns_aaaa_record_on_launch": false,
            "id": "subnet-0b325127fed970707",
            "ipv6_cidr_block": "",
            "ipv6_cidr_block_association_id": "",
            "ipv6_native": false,
            "map_customer_owned_ip_on_launch": false,
            "map_public_ip_on_launch": false,
            "outpost_arn": "",
            "owner_id": "509130302659",
            "private_dns_hostname_type_on_launch": "ip-name",
            "tags": {
              "Name": "final_fer_sub_priv1"
            },
            "tags_all": {
              "Name": "final_fer_sub_priv1",
              "cost:env": "academy-aws",
              "cost:project": "ac-aws-pract",
              "env": "ac-aws"
            },
            "timeouts": null,
            "vpc_id": "vpc-04d210825730abf5a"
          },
          "sensitive_attributes": [],
          "private": "eyJlMmJmYjczMC1lY2FhLTExZTYtOGY4OC0zNDM2M2JjN2M0YzAiOnsiY3JlYXRlIjo2MDAwMDAwMDAwMDAsImRlbGV0ZSI6MTIwMDAwMDAwMDAwMH0sInNjaGVtYV92ZXJzaW9uIjoiMSJ9",
          "dependencies": [
            "aws_vpc.vpc_fer"
          ]
        }
      ]
    },
    {
      "mode": "managed",
      "type": "aws_subnet",
      "name": "sb_priv2_fer",
      "provider": "provider[\"registry.terraform.io/hashicorp/aws\"]",
      "instances": [
        {
          "schema_version": 1,
          "attributes": {
            "arn": "arn:aws:ec2:us-east-1:509130302659:subnet/subnet-0cae4a45be1f2bfdc",
            "assign_ipv6_address_on_creation": false,
            "availability_zone": "us-east-1b",
            "availability_zone_id": "use1-az2",
            "cidr_block": "10.10.2.0/28",
            "customer_owned_ipv4_pool": "",
            "enable_dns64": false,
            "enable_resource_name_dns_a_record_on_launch": false,
            "enable_resource_name_dns_aaaa_record_on_launch": false,
            "id": "subnet-0cae4a45be1f2bfdc",
            "ipv6_cidr_block": "",
            "ipv6_cidr_block_association_id": "",
            "ipv6_native": false,
            "map_customer_owned_ip_on_launch": false,
            "map_public_ip_on_launch": false,
            "outpost_arn": "",
            "owner_id": "509130302659",
            "private_dns_hostname_type_on_launch": "ip-name",
            "tags": {
              "Name": "final_fer_sub_priv2"
            },
            "tags_all": {
              "Name": "final_fer_sub_priv2",
              "cost:env": "academy-aws",
              "cost:project": "ac-aws-pract",
              "env": "ac-aws"
            },
            "timeouts": null,
            "vpc_id": "vpc-04d210825730abf5a"
          },
          "sensitive_attributes": [],
          "private": "eyJlMmJmYjczMC1lY2FhLTExZTYtOGY4OC0zNDM2M2JjN2M0YzAiOnsiY3JlYXRlIjo2MDAwMDAwMDAwMDAsImRlbGV0ZSI6MTIwMDAwMDAwMDAwMH0sInNjaGVtYV92ZXJzaW9uIjoiMSJ9",
          "dependencies": [
            "aws_vpc.vpc_fer"
          ]
        }
      ]
    },
    {
      "mode": "managed",
      "type": "aws_subnet",
      "name": "sb_pub1_fer",
      "provider": "provider[\"registry.terraform.io/hashicorp/aws\"]",
      "instances": [
        {
          "schema_version": 1,
          "attributes": {
            "arn": "arn:aws:ec2:us-east-1:509130302659:subnet/subnet-0cb66f1d77b4b2b73",
            "assign_ipv6_address_on_creation": false,
            "availability_zone": "us-east-1a",
            "availability_zone_id": "use1-az1",
            "cidr_block": "10.10.3.0/28",
            "customer_owned_ipv4_pool": "",
            "enable_dns64": false,
            "enable_resource_name_dns_a_record_on_launch": false,
            "enable_resource_name_dns_aaaa_record_on_launch": false,
            "id": "subnet-0cb66f1d77b4b2b73",
            "ipv6_cidr_block": "",
            "ipv6_cidr_block_association_id": "",
            "ipv6_native": false,
            "map_customer_owned_ip_on_launch": false,
            "map_public_ip_on_launch": true,
            "outpost_arn": "",
            "owner_id": "509130302659",
            "private_dns_hostname_type_on_launch": "ip-name",
            "tags": {
              "Name": "final_fer_sub_pub1"
            },
            "tags_all": {
              "Name": "final_fer_sub_pub1",
              "cost:env": "academy-aws",
              "cost:project": "ac-aws-pract",
              "env": "ac-aws"
            },
            "timeouts": null,
            "vpc_id": "vpc-04d210825730abf5a"
          },
          "sensitive_attributes": [],
          "private": "eyJlMmJmYjczMC1lY2FhLTExZTYtOGY4OC0zNDM2M2JjN2M0YzAiOnsiY3JlYXRlIjo2MDAwMDAwMDAwMDAsImRlbGV0ZSI6MTIwMDAwMDAwMDAwMH0sInNjaGVtYV92ZXJzaW9uIjoiMSJ9",
          "dependencies": [
            "aws_vpc.vpc_fer"
          ]
        }
      ]
    },
    {
      "mode": "managed",
      "type": "aws_subnet",
      "name": "sb_pub2_fer",
      "provider": "provider[\"registry.terraform.io/hashicorp/aws\"]",
      "instances": [
        {
          "schema_version": 1,
          "attributes": {
            "arn": "arn:aws:ec2:us-east-1:509130302659:subnet/subnet-0bdfb3181048bf9e9",
            "assign_ipv6_address_on_creation": false,
            "availability_zone": "us-east-1b",
            "availability_zone_id": "use1-az2",
            "cidr_block": "10.10.4.0/28",
            "customer_owned_ipv4_pool": "",
            "enable_dns64": false,
            "enable_resource_name_dns_a_record_on_launch": false,
            "enable_resource_name_dns_aaaa_record_on_launch": false,
            "id": "subnet-0bdfb3181048bf9e9",
            "ipv6_cidr_block": "",
            "ipv6_cidr_block_association_id": "",
            "ipv6_native": false,
            "map_customer_owned_ip_on_launch": false,
            "map_public_ip_on_launch": true,
            "outpost_arn": "",
            "owner_id": "509130302659",
            "private_dns_hostname_type_on_launch": "ip-name",
            "tags": {
              "Name": "final_fer_sub_pub2"
            },
            "tags_all": {
              "Name": "final_fer_sub_pub2",
              "cost:env": "academy-aws",
              "cost:project": "ac-aws-pract",
              "env": "ac-aws"
            },
            "timeouts": null,
            "vpc_id": "vpc-04d210825730abf5a"
          },
          "sensitive_attributes": [],
          "private": "eyJlMmJmYjczMC1lY2FhLTExZTYtOGY4OC0zNDM2M2JjN2M0YzAiOnsiY3JlYXRlIjo2MDAwMDAwMDAwMDAsImRlbGV0ZSI6MTIwMDAwMDAwMDAwMH0sInNjaGVtYV92ZXJzaW9uIjoiMSJ9",
          "dependencies": [
            "aws_vpc.vpc_fer"
          ]
        }
      ]
    },
    {
      "mode": "managed",
      "type": "aws_vpc",
      "name": "vpc_fer",
      "provider": "provider[\"registry.terraform.io/hashicorp/aws\"]",
      "instances": [
        {
          "schema_version": 1,
          "attributes": {
            "arn": "arn:aws:ec2:us-east-1:509130302659:vpc/vpc-04d210825730abf5a",
            "assign_generated_ipv6_cidr_block": false,
            "cidr_block": "10.10.0.0/16",
            "default_network_acl_id": "acl-0e1b703a66dad00b8",
            "default_route_table_id": "rtb-0c5d4ab0cc965b944",
            "default_security_group_id": "sg-088b79d3ac0b2bf29",
            "dhcp_options_id": "dopt-b99482db",
            "enable_classiclink": false,
            "enable_classiclink_dns_support": false,
            "enable_dns_hostnames": false,
            "enable_dns_support": true,
            "id": "vpc-04d210825730abf5a",
            "instance_tenancy": "default",
            "ipv4_ipam_pool_id": null,
            "ipv4_netmask_length": null,
            "ipv6_association_id": "",
            "ipv6_cidr_block": "",
            "ipv6_cidr_block_network_border_group": "",
            "ipv6_ipam_pool_id": "",
            "ipv6_netmask_length": 0,
            "main_route_table_id": "rtb-0c5d4ab0cc965b944",
            "owner_id": "509130302659",
            "tags": {
              "Name": "final_fer_vpc"
            },
            "tags_all": {
              "Name": "final_fer_vpc",
              "cost:env": "academy-aws",
              "cost:project": "ac-aws-pract",
              "env": "ac-aws"
            }
          },
          "sensitive_attributes": [],
          "private": "eyJzY2hlbWFfdmVyc2lvbiI6IjEifQ=="
        }
      ]
    }
  ]
}
